// !$*UTF8*$!
{
	archiveVersion = 1;
	classes = {
	};
	objectVersion = 55;
	objects = {

/* Begin PBXBuildFile section */
		21EB65F928B1764C0045C3BB /* AppDelegate.swift in Sources */ = {isa = PBXBuildFile; fileRef = 21EB65F828B1764C0045C3BB /* AppDelegate.swift */; };
		21EB65FB28B1764C0045C3BB /* SceneDelegate.swift in Sources */ = {isa = PBXBuildFile; fileRef = 21EB65FA28B1764C0045C3BB /* SceneDelegate.swift */; };
		21EB65FD28B1764C0045C3BB /* PlayVC.swift in Sources */ = {isa = PBXBuildFile; fileRef = 21EB65FC28B1764C0045C3BB /* PlayVC.swift */; };
		21EB660028B1764C0045C3BB /* Main.storyboard in Resources */ = {isa = PBXBuildFile; fileRef = 21EB65FE28B1764C0045C3BB /* Main.storyboard */; };
		21EB660228B1764D0045C3BB /* Assets.xcassets in Resources */ = {isa = PBXBuildFile; fileRef = 21EB660128B1764D0045C3BB /* Assets.xcassets */; };
		21EB660528B1764D0045C3BB /* LaunchScreen.storyboard in Resources */ = {isa = PBXBuildFile; fileRef = 21EB660328B1764D0045C3BB /* LaunchScreen.storyboard */; };
		4E8F25AF28B3E44B00CFE8A9 /* MainExtensions.swift in Sources */ = {isa = PBXBuildFile; fileRef = 4E8F25AE28B3E44B00CFE8A9 /* MainExtensions.swift */; };
/* End PBXBuildFile section */

/* Begin PBXFileReference section */
		21EB65F528B1764C0045C3BB /* AtomiCube.app */ = {isa = PBXFileReference; explicitFileType = wrapper.application; includeInIndex = 0; path = AtomiCube.app; sourceTree = BUILT_PRODUCTS_DIR; };
		21EB65F828B1764C0045C3BB /* AppDelegate.swift */ = {isa = PBXFileReference; lastKnownFileType = sourcecode.swift; path = AppDelegate.swift; sourceTree = "<group>"; };
		21EB65FA28B1764C0045C3BB /* SceneDelegate.swift */ = {isa = PBXFileReference; lastKnownFileType = sourcecode.swift; path = SceneDelegate.swift; sourceTree = "<group>"; };
		21EB65FC28B1764C0045C3BB /* PlayVC.swift */ = {isa = PBXFileReference; lastKnownFileType = sourcecode.swift; path = PlayVC.swift; sourceTree = "<group>"; };
		21EB65FF28B1764C0045C3BB /* Base */ = {isa = PBXFileReference; lastKnownFileType = file.storyboard; name = Base; path = Base.lproj/Main.storyboard; sourceTree = "<group>"; };
		21EB660128B1764D0045C3BB /* Assets.xcassets */ = {isa = PBXFileReference; lastKnownFileType = folder.assetcatalog; path = Assets.xcassets; sourceTree = "<group>"; };
		21EB660428B1764D0045C3BB /* Base */ = {isa = PBXFileReference; lastKnownFileType = file.storyboard; name = Base; path = Base.lproj/LaunchScreen.storyboard; sourceTree = "<group>"; };
		21EB660628B1764D0045C3BB /* Info.plist */ = {isa = PBXFileReference; lastKnownFileType = text.plist.xml; path = Info.plist; sourceTree = "<group>"; };
		4E8F25AE28B3E44B00CFE8A9 /* MainExtensions.swift */ = {isa = PBXFileReference; lastKnownFileType = sourcecode.swift; path = MainExtensions.swift; sourceTree = "<group>"; };
/* End PBXFileReference section */

/* Begin PBXFrameworksBuildPhase section */
		21EB65F228B1764C0045C3BB /* Frameworks */ = {
			isa = PBXFrameworksBuildPhase;
			buildActionMask = 2147483647;
			files = (
			);
			runOnlyForDeploymentPostprocessing = 0;
		};
/* End PBXFrameworksBuildPhase section */

/* Begin PBXGroup section */
		215365C628B5B723006D6CCF /* MVC */ = {
			isa = PBXGroup;
			children = (
				215365C728B5B736006D6CCF /* Models */,
				215365C828B5B741006D6CCF /* Views */,
				215365C928B5B750006D6CCF /* Controllers */,
			);
			path = MVC;
			sourceTree = "<group>";
		};
		215365C728B5B736006D6CCF /* Models */ = {
			isa = PBXGroup;
			children = (
				215365CB28B5B8A7006D6CCF /* DataModels */,
				215365CC28B5B8B5006D6CCF /* ViewModels */,
			);
			path = Models;
			sourceTree = "<group>";
		};
		215365C828B5B741006D6CCF /* Views */ = {
			isa = PBXGroup;
			children = (
				21EB65FE28B1764C0045C3BB /* Main.storyboard */,
				21EB660328B1764D0045C3BB /* LaunchScreen.storyboard */,
			);
			path = Views;
			sourceTree = "<group>";
		};
		215365C928B5B750006D6CCF /* Controllers */ = {
			isa = PBXGroup;
			children = (
				21EB65FC28B1764C0045C3BB /* PlayVC.swift */,
			);
			path = Controllers;
			sourceTree = "<group>";
		};
		215365CA28B5B77B006D6CCF /* App */ = {
			isa = PBXGroup;
			children = (
				21EB65F828B1764C0045C3BB /* AppDelegate.swift */,
				21EB65FA28B1764C0045C3BB /* SceneDelegate.swift */,
				21EB660628B1764D0045C3BB /* Info.plist */,
			);
			path = App;
			sourceTree = "<group>";
		};
		215365CB28B5B8A7006D6CCF /* DataModels */ = {
			isa = PBXGroup;
			children = (
			);
			path = DataModels;
			sourceTree = "<group>";
		};
		215365CC28B5B8B5006D6CCF /* ViewModels */ = {
			isa = PBXGroup;
			children = (
			);
			path = ViewModels;
			sourceTree = "<group>";
		};
		215365CD28B5C75C006D6CCF /* Redux */ = {
			isa = PBXGroup;
			children = (
				215365D128B5CE41006D6CCF /* Store */,
				215365D028B5CE39006D6CCF /* State */,
				215365CF28B5CE31006D6CCF /* Actions */,
				215365CE28B5CE29006D6CCF /* Reducers */,
			);
			path = Redux;
			sourceTree = "<group>";
		};
		215365CE28B5CE29006D6CCF /* Reducers */ = {
			isa = PBXGroup;
			children = (
			);
			path = Reducers;
			sourceTree = "<group>";
		};
		215365CF28B5CE31006D6CCF /* Actions */ = {
			isa = PBXGroup;
			children = (
			);
			path = Actions;
			sourceTree = "<group>";
		};
		215365D028B5CE39006D6CCF /* State */ = {
			isa = PBXGroup;
			children = (
			);
			path = State;
			sourceTree = "<group>";
		};
		215365D128B5CE41006D6CCF /* Store */ = {
			isa = PBXGroup;
			children = (
			);
			path = Store;
			sourceTree = "<group>";
		};
		21EB65EC28B1764C0045C3BB = {
			isa = PBXGroup;
			children = (
				21EB65F728B1764C0045C3BB /* AtomiCube */,
				21EB65F628B1764C0045C3BB /* Products */,
			);
			sourceTree = "<group>";
		};
		21EB65F628B1764C0045C3BB /* Products */ = {
			isa = PBXGroup;
			children = (
				21EB65F528B1764C0045C3BB /* AtomiCube.app */,
			);
			name = Products;
			sourceTree = "<group>";
		};
		21EB65F728B1764C0045C3BB /* AtomiCube */ = {
			isa = PBXGroup;
			children = (
				215365CA28B5B77B006D6CCF /* App */,
				215365CD28B5C75C006D6CCF /* Redux */,
				215365C628B5B723006D6CCF /* MVC */,
				4E8F25AD28B3E41400CFE8A9 /* Extensions */,
				21EB660128B1764D0045C3BB /* Assets.xcassets */,
			);
			path = AtomiCube;
			sourceTree = "<group>";
		};
		4E8F25AD28B3E41400CFE8A9 /* Extensions */ = {
			isa = PBXGroup;
			children = (
				4E8F25AE28B3E44B00CFE8A9 /* MainExtensions.swift */,
			);
			path = Extensions;
			sourceTree = "<group>";
		};
/* End PBXGroup section */

/* Begin PBXNativeTarget section */
		21EB65F428B1764C0045C3BB /* AtomiCube */ = {
			isa = PBXNativeTarget;
			buildConfigurationList = 21EB660928B1764D0045C3BB /* Build configuration list for PBXNativeTarget "AtomiCube" */;
			buildPhases = (
				21EB65F128B1764C0045C3BB /* Sources */,
				21EB65F228B1764C0045C3BB /* Frameworks */,
				21EB65F328B1764C0045C3BB /* Resources */,
			);
			buildRules = (
			);
			dependencies = (
			);
			name = AtomiCube;
			productName = AtomiCube;
			productReference = 21EB65F528B1764C0045C3BB /* AtomiCube.app */;
			productType = "com.apple.product-type.application";
		};
/* End PBXNativeTarget section */

/* Begin PBXProject section */
		21EB65ED28B1764C0045C3BB /* Project object */ = {
			isa = PBXProject;
			attributes = {
				BuildIndependentTargetsInParallel = 1;
				LastSwiftUpdateCheck = 1330;
				LastUpgradeCheck = 1330;
				TargetAttributes = {
					21EB65F428B1764C0045C3BB = {
						CreatedOnToolsVersion = 13.3.1;
					};
				};
			};
			buildConfigurationList = 21EB65F028B1764C0045C3BB /* Build configuration list for PBXProject "AtomiCube" */;
			compatibilityVersion = "Xcode 13.0";
			developmentRegion = en;
			hasScannedForEncodings = 0;
			knownRegions = (
				en,
				Base,
			);
			mainGroup = 21EB65EC28B1764C0045C3BB;
			productRefGroup = 21EB65F628B1764C0045C3BB /* Products */;
			projectDirPath = "";
			projectRoot = "";
			targets = (
				21EB65F428B1764C0045C3BB /* AtomiCube */,
			);
		};
/* End PBXProject section */

/* Begin PBXResourcesBuildPhase section */
		21EB65F328B1764C0045C3BB /* Resources */ = {
			isa = PBXResourcesBuildPhase;
			buildActionMask = 2147483647;
			files = (
				21EB660528B1764D0045C3BB /* LaunchScreen.storyboard in Resources */,
				21EB660228B1764D0045C3BB /* Assets.xcassets in Resources */,
				21EB660028B1764C0045C3BB /* Main.storyboard in Resources */,
			);
			runOnlyForDeploymentPostprocessing = 0;
		};
/* End PBXResourcesBuildPhase section */

/* Begin PBXSourcesBuildPhase section */
		21EB65F128B1764C0045C3BB /* Sources */ = {
			isa = PBXSourcesBuildPhase;
			buildActionMask = 2147483647;
			files = (
				4E8F25AF28B3E44B00CFE8A9 /* MainExtensions.swift in Sources */,
				21EB65FD28B1764C0045C3BB /* PlayVC.swift in Sources */,
				21EB65F928B1764C0045C3BB /* AppDelegate.swift in Sources */,
				21EB65FB28B1764C0045C3BB /* SceneDelegate.swift in Sources */,
			);
			runOnlyForDeploymentPostprocessing = 0;
		};
/* End PBXSourcesBuildPhase section */

/* Begin PBXVariantGroup section */
		21EB65FE28B1764C0045C3BB /* Main.storyboard */ = {
			isa = PBXVariantGroup;
			children = (
				21EB65FF28B1764C0045C3BB /* Base */,
			);
			name = Main.storyboard;
			sourceTree = "<group>";
		};
		21EB660328B1764D0045C3BB /* LaunchScreen.storyboard */ = {
			isa = PBXVariantGroup;
			children = (
				21EB660428B1764D0045C3BB /* Base */,
			);
			name = LaunchScreen.storyboard;
			sourceTree = "<group>";
		};
/* End PBXVariantGroup section */

/* Begin XCBuildConfiguration section */
		21EB660728B1764D0045C3BB /* Debug */ = {
			isa = XCBuildConfiguration;
			buildSettings = {
				ALWAYS_SEARCH_USER_PATHS = NO;
				CLANG_ANALYZER_NONNULL = YES;
				CLANG_ANALYZER_NUMBER_OBJECT_CONVERSION = YES_AGGRESSIVE;
				CLANG_CXX_LANGUAGE_STANDARD = "gnu++17";
				CLANG_ENABLE_MODULES = YES;
				CLANG_ENABLE_OBJC_ARC = YES;
				CLANG_ENABLE_OBJC_WEAK = YES;
				CLANG_WARN_BLOCK_CAPTURE_AUTORELEASING = YES;
				CLANG_WARN_BOOL_CONVERSION = YES;
				CLANG_WARN_COMMA = YES;
				CLANG_WARN_CONSTANT_CONVERSION = YES;
				CLANG_WARN_DEPRECATED_OBJC_IMPLEMENTATIONS = YES;
				CLANG_WARN_DIRECT_OBJC_ISA_USAGE = YES_ERROR;
				CLANG_WARN_DOCUMENTATION_COMMENTS = YES;
				CLANG_WARN_EMPTY_BODY = YES;
				CLANG_WARN_ENUM_CONVERSION = YES;
				CLANG_WARN_INFINITE_RECURSION = YES;
				CLANG_WARN_INT_CONVERSION = YES;
				CLANG_WARN_NON_LITERAL_NULL_CONVERSION = YES;
				CLANG_WARN_OBJC_IMPLICIT_RETAIN_SELF = YES;
				CLANG_WARN_OBJC_LITERAL_CONVERSION = YES;
				CLANG_WARN_OBJC_ROOT_CLASS = YES_ERROR;
				CLANG_WARN_QUOTED_INCLUDE_IN_FRAMEWORK_HEADER = YES;
				CLANG_WARN_RANGE_LOOP_ANALYSIS = YES;
				CLANG_WARN_STRICT_PROTOTYPES = YES;
				CLANG_WARN_SUSPICIOUS_MOVE = YES;
				CLANG_WARN_UNGUARDED_AVAILABILITY = YES_AGGRESSIVE;
				CLANG_WARN_UNREACHABLE_CODE = YES;
				CLANG_WARN__DUPLICATE_METHOD_MATCH = YES;
				COPY_PHASE_STRIP = NO;
				DEBUG_INFORMATION_FORMAT = dwarf;
				ENABLE_STRICT_OBJC_MSGSEND = YES;
				ENABLE_TESTABILITY = YES;
				GCC_C_LANGUAGE_STANDARD = gnu11;
				GCC_DYNAMIC_NO_PIC = NO;
				GCC_NO_COMMON_BLOCKS = YES;
				GCC_OPTIMIZATION_LEVEL = 0;
				GCC_PREPROCESSOR_DEFINITIONS = (
					"DEBUG=1",
					"$(inherited)",
				);
				GCC_WARN_64_TO_32_BIT_CONVERSION = YES;
				GCC_WARN_ABOUT_RETURN_TYPE = YES_ERROR;
				GCC_WARN_UNDECLARED_SELECTOR = YES;
				GCC_WARN_UNINITIALIZED_AUTOS = YES_AGGRESSIVE;
				GCC_WARN_UNUSED_FUNCTION = YES;
				GCC_WARN_UNUSED_VARIABLE = YES;
				IPHONEOS_DEPLOYMENT_TARGET = 15.4;
				MTL_ENABLE_DEBUG_INFO = INCLUDE_SOURCE;
				MTL_FAST_MATH = YES;
				ONLY_ACTIVE_ARCH = YES;
				SDKROOT = iphoneos;
				SWIFT_ACTIVE_COMPILATION_CONDITIONS = DEBUG;
				SWIFT_OPTIMIZATION_LEVEL = "-Onone";
			};
			name = Debug;
		};
		21EB660828B1764D0045C3BB /* Release */ = {
			isa = XCBuildConfiguration;
			buildSettings = {
				ALWAYS_SEARCH_USER_PATHS = NO;
				CLANG_ANALYZER_NONNULL = YES;
				CLANG_ANALYZER_NUMBER_OBJECT_CONVERSION = YES_AGGRESSIVE;
				CLANG_CXX_LANGUAGE_STANDARD = "gnu++17";
				CLANG_ENABLE_MODULES = YES;
				CLANG_ENABLE_OBJC_ARC = YES;
				CLANG_ENABLE_OBJC_WEAK = YES;
				CLANG_WARN_BLOCK_CAPTURE_AUTORELEASING = YES;
				CLANG_WARN_BOOL_CONVERSION = YES;
				CLANG_WARN_COMMA = YES;
				CLANG_WARN_CONSTANT_CONVERSION = YES;
				CLANG_WARN_DEPRECATED_OBJC_IMPLEMENTATIONS = YES;
				CLANG_WARN_DIRECT_OBJC_ISA_USAGE = YES_ERROR;
				CLANG_WARN_DOCUMENTATION_COMMENTS = YES;
				CLANG_WARN_EMPTY_BODY = YES;
				CLANG_WARN_ENUM_CONVERSION = YES;
				CLANG_WARN_INFINITE_RECURSION = YES;
				CLANG_WARN_INT_CONVERSION = YES;
				CLANG_WARN_NON_LITERAL_NULL_CONVERSION = YES;
				CLANG_WARN_OBJC_IMPLICIT_RETAIN_SELF = YES;
				CLANG_WARN_OBJC_LITERAL_CONVERSION = YES;
				CLANG_WARN_OBJC_ROOT_CLASS = YES_ERROR;
				CLANG_WARN_QUOTED_INCLUDE_IN_FRAMEWORK_HEADER = YES;
				CLANG_WARN_RANGE_LOOP_ANALYSIS = YES;
				CLANG_WARN_STRICT_PROTOTYPES = YES;
				CLANG_WARN_SUSPICIOUS_MOVE = YES;
				CLANG_WARN_UNGUARDED_AVAILABILITY = YES_AGGRESSIVE;
				CLANG_WARN_UNREACHABLE_CODE = YES;
				CLANG_WARN__DUPLICATE_METHOD_MATCH = YES;
				COPY_PHASE_STRIP = NO;
				DEBUG_INFORMATION_FORMAT = "dwarf-with-dsym";
				ENABLE_NS_ASSERTIONS = NO;
				ENABLE_STRICT_OBJC_MSGSEND = YES;
				GCC_C_LANGUAGE_STANDARD = gnu11;
				GCC_NO_COMMON_BLOCKS = YES;
				GCC_WARN_64_TO_32_BIT_CONVERSION = YES;
				GCC_WARN_ABOUT_RETURN_TYPE = YES_ERROR;
				GCC_WARN_UNDECLARED_SELECTOR = YES;
				GCC_WARN_UNINITIALIZED_AUTOS = YES_AGGRESSIVE;
				GCC_WARN_UNUSED_FUNCTION = YES;
				GCC_WARN_UNUSED_VARIABLE = YES;
				IPHONEOS_DEPLOYMENT_TARGET = 15.4;
				MTL_ENABLE_DEBUG_INFO = NO;
				MTL_FAST_MATH = YES;
				SDKROOT = iphoneos;
				SWIFT_COMPILATION_MODE = wholemodule;
				SWIFT_OPTIMIZATION_LEVEL = "-O";
				VALIDATE_PRODUCT = YES;
			};
			name = Release;
		};
		21EB660A28B1764D0045C3BB /* Debug */ = {
			isa = XCBuildConfiguration;
			buildSettings = {
				ASSETCATALOG_COMPILER_APPICON_NAME = AppIcon;
				ASSETCATALOG_COMPILER_GLOBAL_ACCENT_COLOR_NAME = AccentColor;
				CODE_SIGN_STYLE = Automatic;
				CURRENT_PROJECT_VERSION = 1;
				DEVELOPMENT_TEAM = 6QYT6GJB4Z;
				GENERATE_INFOPLIST_FILE = YES;
				INFOPLIST_FILE = AtomiCube/App/Info.plist;
				INFOPLIST_KEY_CFBundleDisplayName = Atomic;
				INFOPLIST_KEY_UIApplicationSupportsIndirectInputEvents = YES;
				INFOPLIST_KEY_UILaunchStoryboardName = LaunchScreen;
				INFOPLIST_KEY_UIMainStoryboardFile = Main;
				INFOPLIST_KEY_UISupportedInterfaceOrientations_iPad = "UIInterfaceOrientationPortrait UIInterfaceOrientationPortraitUpsideDown UIInterfaceOrientationLandscapeLeft UIInterfaceOrientationLandscapeRight";
				INFOPLIST_KEY_UISupportedInterfaceOrientations_iPhone = "UIInterfaceOrientationPortrait UIInterfaceOrientationLandscapeLeft UIInterfaceOrientationLandscapeRight";
				IPHONEOS_DEPLOYMENT_TARGET = 15.0;
				LD_RUNPATH_SEARCH_PATHS = (
					"$(inherited)",
					"@executable_path/Frameworks",
				);
				MARKETING_VERSION = 0.1;
				PRODUCT_BUNDLE_IDENTIFIER = com.CAOCAP.AtomiCube;
				PRODUCT_NAME = "$(TARGET_NAME)";
				SWIFT_EMIT_LOC_STRINGS = YES;
				SWIFT_VERSION = 5.0;
				TARGETED_DEVICE_FAMILY = "1,2";
			};
			name = Debug;
		};
		21EB660B28B1764D0045C3BB /* Release */ = {
			isa = XCBuildConfiguration;
			buildSettings = {
				ASSETCATALOG_COMPILER_APPICON_NAME = AppIcon;
				ASSETCATALOG_COMPILER_GLOBAL_ACCENT_COLOR_NAME = AccentColor;
				CODE_SIGN_STYLE = Automatic;
				CURRENT_PROJECT_VERSION = 1;
				DEVELOPMENT_TEAM = 6QYT6GJB4Z;
				GENERATE_INFOPLIST_FILE = YES;
				INFOPLIST_FILE = AtomiCube/App/Info.plist;
				INFOPLIST_KEY_CFBundleDisplayName = Atomic;
				INFOPLIST_KEY_UIApplicationSupportsIndirectInputEvents = YES;
				INFOPLIST_KEY_UILaunchStoryboardName = LaunchScreen;
				INFOPLIST_KEY_UIMainStoryboardFile = Main;
				INFOPLIST_KEY_UISupportedInterfaceOrientations_iPad = "UIInterfaceOrientationPortrait UIInterfaceOrientationPortraitUpsideDown UIInterfaceOrientationLandscapeLeft UIInterfaceOrientationLandscapeRight";
				INFOPLIST_KEY_UISupportedInterfaceOrientations_iPhone = "UIInterfaceOrientationPortrait UIInterfaceOrientationLandscapeLeft UIInterfaceOrientationLandscapeRight";
				IPHONEOS_DEPLOYMENT_TARGET = 15.0;
				LD_RUNPATH_SEARCH_PATHS = (
					"$(inherited)",
					"@executable_path/Frameworks",
				);
				MARKETING_VERSION = 0.1;
				PRODUCT_BUNDLE_IDENTIFIER = com.CAOCAP.AtomiCube;
				PRODUCT_NAME = "$(TARGET_NAME)";
				SWIFT_EMIT_LOC_STRINGS = YES;
				SWIFT_VERSION = 5.0;
				TARGETED_DEVICE_FAMILY = "1,2";
			};
			name = Release;
		};
/* End XCBuildConfiguration section */

/* Begin XCConfigurationList section */
		21EB65F028B1764C0045C3BB /* Build configuration list for PBXProject "AtomiCube" */ = {
			isa = XCConfigurationList;
			buildConfigurations = (
				21EB660728B1764D0045C3BB /* Debug */,
				21EB660828B1764D0045C3BB /* Release */,
			);
			defaultConfigurationIsVisible = 0;
			defaultConfigurationName = Release;
		};
		21EB660928B1764D0045C3BB /* Build configuration list for PBXNativeTarget "AtomiCube" */ = {
			isa = XCConfigurationList;
			buildConfigurations = (
				21EB660A28B1764D0045C3BB /* Debug */,
				21EB660B28B1764D0045C3BB /* Release */,
			);
			defaultConfigurationIsVisible = 0;
			defaultConfigurationName = Release;
		};
/* End XCConfigurationList section */
	};
	rootObject = 21EB65ED28B1764C0045C3BB /* Project object */;
}
